{
  "version": 4,
  "terraform_version": "1.0.5",
  "serial": 4,
  "lineage": "2f47df6a-2997-f62d-5397-aa961bcc8a75",
  "outputs": {},
  "resources": [
    {
      "module": "module.tfstate",
      "mode": "managed",
      "type": "random_id",
      "name": "server",
      "provider": "provider[\"registry.terraform.io/hashicorp/random\"]",
      "instances": [
        {
          "schema_version": 0,
          "attributes": {
            "b64_std": "qEJVWInOgv0=",
            "b64_url": "qEJVWInOgv0",
            "byte_length": 8,
            "dec": "12124346985592292093",
            "hex": "a842555889ce82fd",
            "id": "qEJVWInOgv0",
            "keepers": null,
            "prefix": null
          },
          "sensitive_attributes": [],
          "private": "bnVsbA=="
        }
      ]
    }
  ]
}
